
Microsoft Visual Studio Solution File, Format Version 12.00
# Visual Studio 15
VisualStudioVersion = 15.0.27703.2000
MinimumVisualStudioVersion = 10.0.40219.1
Project("{FAE04EC0-301F-11D3-BF4B-00C04F79EFBC}") = "TestParserSite", "TestParserSite\TestParserSite.csproj", "{06928099-9F0B-4CFC-930A-4B106EFCC54E}"
EndProject
Global
	GlobalSection(SolutionConfigurationPlatforms) = preSolution
		Debug|Any CPU = Debug|Any CPU
		Release|Any CPU = Release|Any CPU
	EndGlobalSection
	GlobalSection(ProjectConfigurationPlatforms) = postSolution
		{06928099-9F0B-4CFC-930A-4B106EFCC54E}.Debug|Any CPU.ActiveCfg = Debug|Any CPU
		{06928099-9F0B-4CFC-930A-4B106EFCC54E}.Debug|Any CPU.Build.0 = Debug|Any CPU
		{06928099-9F0B-4CFC-930A-4B106EFCC54E}.Release|Any CPU.ActiveCfg = Release|Any CPU
		{06928099-9F0B-4CFC-930A-4B106EFCC54E}.Release|Any CPU.Build.0 = Release|Any CPU
	EndGlobalSection
	GlobalSection(SolutionProperties) = preSolution
		HideSolutionNode = FALSE
	EndGlobalSection
	GlobalSection(ExtensibilityGlobals) = postSolution
		SolutionGuid = {203498E5-A8E8-4366-B624-01CDCD55E228}
	EndGlobalSection
EndGlobal
